
Microsoft Visual Studio Solution File, Format Version 12.00
# Visual Studio 14
VisualStudioVersion = 14.0.23107.0
MinimumVisualStudioVersion = 10.0.40219.1
Project("{FAE04EC0-301F-11D3-BF4B-00C04F79EFBC}") = "Server", "Server\Server.csproj", "{259CBFC2-5112-4E69-89D6-0337BEC1D32E}"
EndProject
Project("{FAE04EC0-301F-11D3-BF4B-00C04F79EFBC}") = "Shared Data", "Extensions\Shared Data.csproj", "{63A8CB13-4CEA-4EE3-AA36-47F1BD158415}"
EndProject
Project("{FAE04EC0-301F-11D3-BF4B-00C04F79EFBC}") = "Client", "Client\Client.csproj", "{C8CBEEE2-8CA7-4B2D-BC40-128E71830E4F}"
EndProject
Project("{FAE04EC0-301F-11D3-BF4B-00C04F79EFBC}") = "TGUI", "TGUI\TGUI.csproj", "{D17DE83D-A592-461F-8AF2-53F9E22E1D0F}"
EndProject
Project("{FAE04EC0-301F-11D3-BF4B-00C04F79EFBC}") = "Editor", "Editor\Editor.csproj", "{8C0D1A75-BC6F-46D6-8634-CFAF712267A7}"
EndProject
Global
	GlobalSection(SolutionConfigurationPlatforms) = preSolution
		Debug|Any CPU = Debug|Any CPU
		Debug|x64 = Debug|x64
		Release|Any CPU = Release|Any CPU
		Release|x64 = Release|x64
	EndGlobalSection
	GlobalSection(ProjectConfigurationPlatforms) = postSolution
		{259CBFC2-5112-4E69-89D6-0337BEC1D32E}.Debug|Any CPU.ActiveCfg = Debug|Any CPU
		{259CBFC2-5112-4E69-89D6-0337BEC1D32E}.Debug|Any CPU.Build.0 = Debug|Any CPU
		{259CBFC2-5112-4E69-89D6-0337BEC1D32E}.Debug|x64.ActiveCfg = Debug|x64
		{259CBFC2-5112-4E69-89D6-0337BEC1D32E}.Debug|x64.Build.0 = Debug|x64
		{259CBFC2-5112-4E69-89D6-0337BEC1D32E}.Release|Any CPU.ActiveCfg = Release|Any CPU
		{259CBFC2-5112-4E69-89D6-0337BEC1D32E}.Release|Any CPU.Build.0 = Release|Any CPU
		{259CBFC2-5112-4E69-89D6-0337BEC1D32E}.Release|x64.ActiveCfg = Release|x64
		{259CBFC2-5112-4E69-89D6-0337BEC1D32E}.Release|x64.Build.0 = Release|x64
		{63A8CB13-4CEA-4EE3-AA36-47F1BD158415}.Debug|Any CPU.ActiveCfg = Debug|Any CPU
		{63A8CB13-4CEA-4EE3-AA36-47F1BD158415}.Debug|Any CPU.Build.0 = Debug|Any CPU
		{63A8CB13-4CEA-4EE3-AA36-47F1BD158415}.Debug|x64.ActiveCfg = Debug|x64
		{63A8CB13-4CEA-4EE3-AA36-47F1BD158415}.Debug|x64.Build.0 = Debug|x64
		{63A8CB13-4CEA-4EE3-AA36-47F1BD158415}.Release|Any CPU.ActiveCfg = Release|Any CPU
		{63A8CB13-4CEA-4EE3-AA36-47F1BD158415}.Release|Any CPU.Build.0 = Release|Any CPU
		{63A8CB13-4CEA-4EE3-AA36-47F1BD158415}.Release|x64.ActiveCfg = Release|x64
		{63A8CB13-4CEA-4EE3-AA36-47F1BD158415}.Release|x64.Build.0 = Release|x64
		{C8CBEEE2-8CA7-4B2D-BC40-128E71830E4F}.Debug|Any CPU.ActiveCfg = Debug|Any CPU
		{C8CBEEE2-8CA7-4B2D-BC40-128E71830E4F}.Debug|Any CPU.Build.0 = Debug|Any CPU
		{C8CBEEE2-8CA7-4B2D-BC40-128E71830E4F}.Debug|x64.ActiveCfg = Debug|x64
		{C8CBEEE2-8CA7-4B2D-BC40-128E71830E4F}.Debug|x64.Build.0 = Debug|x64
		{C8CBEEE2-8CA7-4B2D-BC40-128E71830E4F}.Release|Any CPU.ActiveCfg = Release|Any CPU
		{C8CBEEE2-8CA7-4B2D-BC40-128E71830E4F}.Release|Any CPU.Build.0 = Release|Any CPU
		{C8CBEEE2-8CA7-4B2D-BC40-128E71830E4F}.Release|x64.ActiveCfg = Release|x64
		{C8CBEEE2-8CA7-4B2D-BC40-128E71830E4F}.Release|x64.Build.0 = Release|x64
		{D17DE83D-A592-461F-8AF2-53F9E22E1D0F}.Debug|Any CPU.ActiveCfg = Debug|Any CPU
		{D17DE83D-A592-461F-8AF2-53F9E22E1D0F}.Debug|Any CPU.Build.0 = Debug|Any CPU
		{D17DE83D-A592-461F-8AF2-53F9E22E1D0F}.Debug|x64.ActiveCfg = Debug|x64
		{D17DE83D-A592-461F-8AF2-53F9E22E1D0F}.Debug|x64.Build.0 = Debug|x64
		{D17DE83D-A592-461F-8AF2-53F9E22E1D0F}.Release|Any CPU.ActiveCfg = Release|Any CPU
		{D17DE83D-A592-461F-8AF2-53F9E22E1D0F}.Release|Any CPU.Build.0 = Release|Any CPU
		{D17DE83D-A592-461F-8AF2-53F9E22E1D0F}.Release|x64.ActiveCfg = Release|x64
		{D17DE83D-A592-461F-8AF2-53F9E22E1D0F}.Release|x64.Build.0 = Release|x64
		{8C0D1A75-BC6F-46D6-8634-CFAF712267A7}.Debug|Any CPU.ActiveCfg = Debug|Any CPU
		{8C0D1A75-BC6F-46D6-8634-CFAF712267A7}.Debug|Any CPU.Build.0 = Debug|Any CPU
		{8C0D1A75-BC6F-46D6-8634-CFAF712267A7}.Debug|x64.ActiveCfg = Debug|x64
		{8C0D1A75-BC6F-46D6-8634-CFAF712267A7}.Debug|x64.Build.0 = Debug|x64
		{8C0D1A75-BC6F-46D6-8634-CFAF712267A7}.Release|Any CPU.ActiveCfg = Release|Any CPU
		{8C0D1A75-BC6F-46D6-8634-CFAF712267A7}.Release|Any CPU.Build.0 = Release|Any CPU
		{8C0D1A75-BC6F-46D6-8634-CFAF712267A7}.Release|x64.ActiveCfg = Release|Any CPU
		{8C0D1A75-BC6F-46D6-8634-CFAF712267A7}.Release|x64.Build.0 = Release|Any CPU
	EndGlobalSection
	GlobalSection(SolutionProperties) = preSolution
		HideSolutionNode = FALSE
	EndGlobalSection
EndGlobal
